
Microsoft Visual Studio Solution File, Format Version 12.00
Project("{FAE04EC0-301F-11D3-BF4B-00C04F79EFBC}") = "TicketStore", "TicketStore\TicketStore.csproj", "{06E72D7B-8383-44AB-84DE-F035DF131B17}"
EndProject
Project("{FAE04EC0-301F-11D3-BF4B-00C04F79EFBC}") = "TicketStore.Data", "TicketStore.Data\TicketStore.Data.csproj", "{DC51D01F-5CC3-4896-8B55-6F5DBD1CA6EF}"
EndProject
Global
	GlobalSection(SolutionConfigurationPlatforms) = preSolution
		Debug|Any CPU = Debug|Any CPU
		Release|Any CPU = Release|Any CPU
	EndGlobalSection
	GlobalSection(ProjectConfigurationPlatforms) = postSolution
		{06E72D7B-8383-44AB-84DE-F035DF131B17}.Debug|Any CPU.ActiveCfg = Debug|Any CPU
		{06E72D7B-8383-44AB-84DE-F035DF131B17}.Debug|Any CPU.Build.0 = Debug|Any CPU
		{06E72D7B-8383-44AB-84DE-F035DF131B17}.Release|Any CPU.ActiveCfg = Release|Any CPU
		{06E72D7B-8383-44AB-84DE-F035DF131B17}.Release|Any CPU.Build.0 = Release|Any CPU
		{DC51D01F-5CC3-4896-8B55-6F5DBD1CA6EF}.Debug|Any CPU.ActiveCfg = Debug|Any CPU
		{DC51D01F-5CC3-4896-8B55-6F5DBD1CA6EF}.Debug|Any CPU.Build.0 = Debug|Any CPU
		{DC51D01F-5CC3-4896-8B55-6F5DBD1CA6EF}.Release|Any CPU.ActiveCfg = Release|Any CPU
		{DC51D01F-5CC3-4896-8B55-6F5DBD1CA6EF}.Release|Any CPU.Build.0 = Release|Any CPU
	EndGlobalSection
EndGlobal
